
Microsoft Visual Studio Solution File, Format Version 12.00
# Visual Studio Version 17
VisualStudioVersion = 17.4.33110.190
MinimumVisualStudioVersion = 10.0.40219.1
Project("{9A19103F-16F7-4668-BE54-9A1E7A4F7556}") = "Model", "Model\Model.csproj", "{C96F406E-CB1B-4533-BA4C-825C16F6EE73}"
EndProject
Project("{9A19103F-16F7-4668-BE54-9A1E7A4F7556}") = "Tests", "Model.Test\Tests.csproj", "{C2C596B7-9D15-4390-A02D-EFE8E2752950}"
EndProject
Project("{9A19103F-16F7-4668-BE54-9A1E7A4F7556}") = "Data", "Data\Data.csproj", "{ACA2C0E5-3A30-4304-ACB1-15D8FFE2B15B}"
	ProjectSection(ProjectDependencies) = postProject
		{C96F406E-CB1B-4533-BA4C-825C16F6EE73} = {C96F406E-CB1B-4533-BA4C-825C16F6EE73}
	EndProjectSection
EndProject
Project("{9A19103F-16F7-4668-BE54-9A1E7A4F7556}") = "WebAPI", "WebAPI\WebAPI.csproj", "{B741BDC9-6A4A-4AE4-9C97-D35EC4DA8B80}"
EndProject
Global
	GlobalSection(SolutionConfigurationPlatforms) = preSolution
		Debug|Any CPU = Debug|Any CPU
		Release|Any CPU = Release|Any CPU
	EndGlobalSection
	GlobalSection(ProjectConfigurationPlatforms) = postSolution
		{C96F406E-CB1B-4533-BA4C-825C16F6EE73}.Debug|Any CPU.ActiveCfg = Debug|Any CPU
		{C96F406E-CB1B-4533-BA4C-825C16F6EE73}.Debug|Any CPU.Build.0 = Debug|Any CPU
		{C96F406E-CB1B-4533-BA4C-825C16F6EE73}.Release|Any CPU.ActiveCfg = Release|Any CPU
		{C96F406E-CB1B-4533-BA4C-825C16F6EE73}.Release|Any CPU.Build.0 = Release|Any CPU
		{C2C596B7-9D15-4390-A02D-EFE8E2752950}.Debug|Any CPU.ActiveCfg = Debug|Any CPU
		{C2C596B7-9D15-4390-A02D-EFE8E2752950}.Debug|Any CPU.Build.0 = Debug|Any CPU
		{C2C596B7-9D15-4390-A02D-EFE8E2752950}.Release|Any CPU.ActiveCfg = Release|Any CPU
		{C2C596B7-9D15-4390-A02D-EFE8E2752950}.Release|Any CPU.Build.0 = Release|Any CPU
		{ACA2C0E5-3A30-4304-ACB1-15D8FFE2B15B}.Debug|Any CPU.ActiveCfg = Debug|Any CPU
		{ACA2C0E5-3A30-4304-ACB1-15D8FFE2B15B}.Debug|Any CPU.Build.0 = Debug|Any CPU
		{ACA2C0E5-3A30-4304-ACB1-15D8FFE2B15B}.Release|Any CPU.ActiveCfg = Release|Any CPU
		{ACA2C0E5-3A30-4304-ACB1-15D8FFE2B15B}.Release|Any CPU.Build.0 = Release|Any CPU
		{B741BDC9-6A4A-4AE4-9C97-D35EC4DA8B80}.Debug|Any CPU.ActiveCfg = Debug|Any CPU
		{B741BDC9-6A4A-4AE4-9C97-D35EC4DA8B80}.Debug|Any CPU.Build.0 = Debug|Any CPU
		{B741BDC9-6A4A-4AE4-9C97-D35EC4DA8B80}.Release|Any CPU.ActiveCfg = Release|Any CPU
		{B741BDC9-6A4A-4AE4-9C97-D35EC4DA8B80}.Release|Any CPU.Build.0 = Release|Any CPU
	EndGlobalSection
	GlobalSection(SolutionProperties) = preSolution
		HideSolutionNode = FALSE
	EndGlobalSection
	GlobalSection(ExtensibilityGlobals) = postSolution
		SolutionGuid = {8D493CF7-A3F2-452C-8BCB-33940675112E}
	EndGlobalSection
EndGlobal
